
Microsoft Visual Studio Solution File, Format Version 12.00
# Visual Studio Version 17
VisualStudioVersion = 17.10.34928.147
MinimumVisualStudioVersion = 10.0.40219.1
Project("{FAE04EC0-301F-11D3-BF4B-00C04F79EFBC}") = "Product_library", "Product_library\Product_library.csproj", "{47ADB64B-A53C-467F-A4CF-87026B469459}"
EndProject
Project("{FAE04EC0-301F-11D3-BF4B-00C04F79EFBC}") = "Programm", "Programm\Programm.csproj", "{8CB3BBD4-D011-44F2-92E9-688D4D7075F8}"
EndProject
Global
	GlobalSection(SolutionConfigurationPlatforms) = preSolution
		Debug|Any CPU = Debug|Any CPU
		Release|Any CPU = Release|Any CPU
	EndGlobalSection
	GlobalSection(ProjectConfigurationPlatforms) = postSolution
		{47ADB64B-A53C-467F-A4CF-87026B469459}.Debug|Any CPU.ActiveCfg = Debug|Any CPU
		{47ADB64B-A53C-467F-A4CF-87026B469459}.Debug|Any CPU.Build.0 = Debug|Any CPU
		{47ADB64B-A53C-467F-A4CF-87026B469459}.Release|Any CPU.ActiveCfg = Release|Any CPU
		{47ADB64B-A53C-467F-A4CF-87026B469459}.Release|Any CPU.Build.0 = Release|Any CPU
		{8CB3BBD4-D011-44F2-92E9-688D4D7075F8}.Debug|Any CPU.ActiveCfg = Debug|Any CPU
		{8CB3BBD4-D011-44F2-92E9-688D4D7075F8}.Debug|Any CPU.Build.0 = Debug|Any CPU
		{8CB3BBD4-D011-44F2-92E9-688D4D7075F8}.Release|Any CPU.ActiveCfg = Release|Any CPU
		{8CB3BBD4-D011-44F2-92E9-688D4D7075F8}.Release|Any CPU.Build.0 = Release|Any CPU
	EndGlobalSection
	GlobalSection(SolutionProperties) = preSolution
		HideSolutionNode = FALSE
	EndGlobalSection
	GlobalSection(ExtensibilityGlobals) = postSolution
		SolutionGuid = {146D4E34-5D89-4F25-85F8-13447650C23A}
	EndGlobalSection
EndGlobal
